
Microsoft Visual Studio Solution File, Format Version 12.00
# Visual Studio Version 17
VisualStudioVersion = 17.0.32112.339
MinimumVisualStudioVersion = 10.0.40219.1
Project("{FAE04EC0-301F-11D3-BF4B-00C04F79EFBC}") = "Lab2_C_Basics", "Lab2_C_Basics\Lab2_C_Basics.csproj", "{3BE5259E-6F0E-419A-9AAC-6514CF474341}"
EndProject
Global
	GlobalSection(SolutionConfigurationPlatforms) = preSolution
		Debug|Any CPU = Debug|Any CPU
		Release|Any CPU = Release|Any CPU
	EndGlobalSection
	GlobalSection(ProjectConfigurationPlatforms) = postSolution
		{3BE5259E-6F0E-419A-9AAC-6514CF474341}.Debug|Any CPU.ActiveCfg = Debug|Any CPU
		{3BE5259E-6F0E-419A-9AAC-6514CF474341}.Debug|Any CPU.Build.0 = Debug|Any CPU
		{3BE5259E-6F0E-419A-9AAC-6514CF474341}.Release|Any CPU.ActiveCfg = Release|Any CPU
		{3BE5259E-6F0E-419A-9AAC-6514CF474341}.Release|Any CPU.Build.0 = Release|Any CPU
	EndGlobalSection
	GlobalSection(SolutionProperties) = preSolution
		HideSolutionNode = FALSE
	EndGlobalSection
	GlobalSection(ExtensibilityGlobals) = postSolution
		SolutionGuid = {370F6B85-976A-4932-92E2-B3161CCAC85B}
	EndGlobalSection
EndGlobal
